
Microsoft Visual Studio Solution File, Format Version 12.00
# Visual Studio 2013
VisualStudioVersion = 12.0.40629.0
MinimumVisualStudioVersion = 10.0.40219.1
Project("{FAE04EC0-301F-11D3-BF4B-00C04F79EFBC}") = "HelloWorld", "HelloWorld\HelloWorld.csproj", "{B5905ACE-773E-4DCE-8C27-F4D9ABBE12AF}"
EndProject
Project("{FAE04EC0-301F-11D3-BF4B-00C04F79EFBC}") = "HelloName", "HelloName\HelloName.csproj", "{7B7F6FB4-9C75-4ED0-8925-5E8156F05E97}"
EndProject
Project("{FAE04EC0-301F-11D3-BF4B-00C04F79EFBC}") = "Lang52aConsole", "Lang52aConsole\Lang52aConsole.csproj", "{66EA6769-E426-40F6-98FF-C5F5A4521290}"
EndProject
Project("{FAE04EC0-301F-11D3-BF4B-00C04F79EFBC}") = "Lang54bConsole", "Lang54bConsole\Lang54bConsole.csproj", "{C82B5072-4AEB-4855-983D-C662378AC31E}"
EndProject
Project("{FAE04EC0-301F-11D3-BF4B-00C04F79EFBC}") = "YourName", "YourName\YourName.csproj", "{32276B72-0C03-4C05-BF13-BAE2C1B8647D}"
EndProject
Project("{FAE04EC0-301F-11D3-BF4B-00C04F79EFBC}") = "Lang54cConsole", "Lang54cConsole\Lang54cConsole.csproj", "{4739B95D-EC50-43B5-A5C8-445B9EB2FE1D}"
EndProject
Project("{FAE04EC0-301F-11D3-BF4B-00C04F79EFBC}") = "FavClubConsole", "FavClubConsole\FavClubConsole.csproj", "{C3DCBAEA-6926-47F4-9036-BD7990CB722D}"
EndProject
Project("{FAE04EC0-301F-11D3-BF4B-00C04F79EFBC}") = "Lang54a", "Lang54a\Lang54a.csproj", "{D75518A0-3147-42FD-BA57-66BAAC3DC1F3}"
EndProject
Project("{FAE04EC0-301F-11D3-BF4B-00C04F79EFBC}") = "Lang54b", "Lang54b\Lang54b.csproj", "{A33FE456-2E7E-4733-9763-00CA3F821931}"
EndProject
Project("{FAE04EC0-301F-11D3-BF4B-00C04F79EFBC}") = "Lang88a", "Lang88a\Lang88a.csproj", "{9CBB0BAC-07D3-4641-9843-A18230722FAC}"
EndProject
Project("{FAE04EC0-301F-11D3-BF4B-00C04F79EFBC}") = "Prog85c", "Prog85c\Prog85c.csproj", "{69D98D0B-6F5B-42D7-AD95-D9DCA986D8AF}"
EndProject
Global
	GlobalSection(SolutionConfigurationPlatforms) = preSolution
		Debug|Any CPU = Debug|Any CPU
		Release|Any CPU = Release|Any CPU
	EndGlobalSection
	GlobalSection(ProjectConfigurationPlatforms) = postSolution
		{B5905ACE-773E-4DCE-8C27-F4D9ABBE12AF}.Debug|Any CPU.ActiveCfg = Debug|Any CPU
		{B5905ACE-773E-4DCE-8C27-F4D9ABBE12AF}.Debug|Any CPU.Build.0 = Debug|Any CPU
		{B5905ACE-773E-4DCE-8C27-F4D9ABBE12AF}.Release|Any CPU.ActiveCfg = Release|Any CPU
		{B5905ACE-773E-4DCE-8C27-F4D9ABBE12AF}.Release|Any CPU.Build.0 = Release|Any CPU
		{7B7F6FB4-9C75-4ED0-8925-5E8156F05E97}.Debug|Any CPU.ActiveCfg = Debug|Any CPU
		{7B7F6FB4-9C75-4ED0-8925-5E8156F05E97}.Debug|Any CPU.Build.0 = Debug|Any CPU
		{7B7F6FB4-9C75-4ED0-8925-5E8156F05E97}.Release|Any CPU.ActiveCfg = Release|Any CPU
		{7B7F6FB4-9C75-4ED0-8925-5E8156F05E97}.Release|Any CPU.Build.0 = Release|Any CPU
		{66EA6769-E426-40F6-98FF-C5F5A4521290}.Debug|Any CPU.ActiveCfg = Debug|Any CPU
		{66EA6769-E426-40F6-98FF-C5F5A4521290}.Debug|Any CPU.Build.0 = Debug|Any CPU
		{66EA6769-E426-40F6-98FF-C5F5A4521290}.Release|Any CPU.ActiveCfg = Release|Any CPU
		{66EA6769-E426-40F6-98FF-C5F5A4521290}.Release|Any CPU.Build.0 = Release|Any CPU
		{C82B5072-4AEB-4855-983D-C662378AC31E}.Debug|Any CPU.ActiveCfg = Debug|Any CPU
		{C82B5072-4AEB-4855-983D-C662378AC31E}.Debug|Any CPU.Build.0 = Debug|Any CPU
		{C82B5072-4AEB-4855-983D-C662378AC31E}.Release|Any CPU.ActiveCfg = Release|Any CPU
		{C82B5072-4AEB-4855-983D-C662378AC31E}.Release|Any CPU.Build.0 = Release|Any CPU
		{32276B72-0C03-4C05-BF13-BAE2C1B8647D}.Debug|Any CPU.ActiveCfg = Debug|Any CPU
		{32276B72-0C03-4C05-BF13-BAE2C1B8647D}.Debug|Any CPU.Build.0 = Debug|Any CPU
		{32276B72-0C03-4C05-BF13-BAE2C1B8647D}.Release|Any CPU.ActiveCfg = Release|Any CPU
		{32276B72-0C03-4C05-BF13-BAE2C1B8647D}.Release|Any CPU.Build.0 = Release|Any CPU
		{4739B95D-EC50-43B5-A5C8-445B9EB2FE1D}.Debug|Any CPU.ActiveCfg = Debug|Any CPU
		{4739B95D-EC50-43B5-A5C8-445B9EB2FE1D}.Debug|Any CPU.Build.0 = Debug|Any CPU
		{4739B95D-EC50-43B5-A5C8-445B9EB2FE1D}.Release|Any CPU.ActiveCfg = Release|Any CPU
		{4739B95D-EC50-43B5-A5C8-445B9EB2FE1D}.Release|Any CPU.Build.0 = Release|Any CPU
		{C3DCBAEA-6926-47F4-9036-BD7990CB722D}.Debug|Any CPU.ActiveCfg = Debug|Any CPU
		{C3DCBAEA-6926-47F4-9036-BD7990CB722D}.Debug|Any CPU.Build.0 = Debug|Any CPU
		{C3DCBAEA-6926-47F4-9036-BD7990CB722D}.Release|Any CPU.ActiveCfg = Release|Any CPU
		{C3DCBAEA-6926-47F4-9036-BD7990CB722D}.Release|Any CPU.Build.0 = Release|Any CPU
		{D75518A0-3147-42FD-BA57-66BAAC3DC1F3}.Debug|Any CPU.ActiveCfg = Debug|Any CPU
		{D75518A0-3147-42FD-BA57-66BAAC3DC1F3}.Debug|Any CPU.Build.0 = Debug|Any CPU
		{D75518A0-3147-42FD-BA57-66BAAC3DC1F3}.Release|Any CPU.ActiveCfg = Release|Any CPU
		{D75518A0-3147-42FD-BA57-66BAAC3DC1F3}.Release|Any CPU.Build.0 = Release|Any CPU
		{A33FE456-2E7E-4733-9763-00CA3F821931}.Debug|Any CPU.ActiveCfg = Debug|Any CPU
		{A33FE456-2E7E-4733-9763-00CA3F821931}.Debug|Any CPU.Build.0 = Debug|Any CPU
		{A33FE456-2E7E-4733-9763-00CA3F821931}.Release|Any CPU.ActiveCfg = Release|Any CPU
		{A33FE456-2E7E-4733-9763-00CA3F821931}.Release|Any CPU.Build.0 = Release|Any CPU
		{9CBB0BAC-07D3-4641-9843-A18230722FAC}.Debug|Any CPU.ActiveCfg = Debug|Any CPU
		{9CBB0BAC-07D3-4641-9843-A18230722FAC}.Debug|Any CPU.Build.0 = Debug|Any CPU
		{9CBB0BAC-07D3-4641-9843-A18230722FAC}.Release|Any CPU.ActiveCfg = Release|Any CPU
		{9CBB0BAC-07D3-4641-9843-A18230722FAC}.Release|Any CPU.Build.0 = Release|Any CPU
		{69D98D0B-6F5B-42D7-AD95-D9DCA986D8AF}.Debug|Any CPU.ActiveCfg = Debug|Any CPU
		{69D98D0B-6F5B-42D7-AD95-D9DCA986D8AF}.Debug|Any CPU.Build.0 = Debug|Any CPU
		{69D98D0B-6F5B-42D7-AD95-D9DCA986D8AF}.Release|Any CPU.ActiveCfg = Release|Any CPU
		{69D98D0B-6F5B-42D7-AD95-D9DCA986D8AF}.Release|Any CPU.Build.0 = Release|Any CPU
	EndGlobalSection
	GlobalSection(SolutionProperties) = preSolution
		HideSolutionNode = FALSE
	EndGlobalSection
EndGlobal
